// !$*UTF8*$!
{
	archiveVersion = 1;
	classes = {
	};
	objectVersion = 50;
	objects = {

/* Begin PBXBuildFile section */
		F438A2BF20BBADC00004F5FF /* AppDelegate.swift in Sources */ = {isa = PBXBuildFile; fileRef = F438A2BE20BBADC00004F5FF /* AppDelegate.swift */; };
		F438A2C120BBADC00004F5FF /* ViewController.swift in Sources */ = {isa = PBXBuildFile; fileRef = F438A2C020BBADC00004F5FF /* ViewController.swift */; };
		F438A2C420BBADC00004F5FF /* Main.storyboard in Resources */ = {isa = PBXBuildFile; fileRef = F438A2C220BBADC00004F5FF /* Main.storyboard */; };
		F438A2C620BBADC00004F5FF /* Assets.xcassets in Resources */ = {isa = PBXBuildFile; fileRef = F438A2C520BBADC00004F5FF /* Assets.xcassets */; };
		F438A2C920BBADC00004F5FF /* LaunchScreen.storyboard in Resources */ = {isa = PBXBuildFile; fileRef = F438A2C720BBADC00004F5FF /* LaunchScreen.storyboard */; };
		F438A2D120BBAFA30004F5FF /* Model.swift in Sources */ = {isa = PBXBuildFile; fileRef = F438A2D020BBAFA30004F5FF /* Model.swift */; };
		F438A2D320BBB4B40004F5FF /* DeathTableViewCell.swift in Sources */ = {isa = PBXBuildFile; fileRef = F438A2D220BBB4B40004F5FF /* DeathTableViewCell.swift */; };
/* End PBXBuildFile section */

/* Begin PBXFileReference section */
		F438A2BB20BBADC00004F5FF /* Death Notes.app */ = {isa = PBXFileReference; explicitFileType = wrapper.application; includeInIndex = 0; path = "Death Notes.app"; sourceTree = BUILT_PRODUCTS_DIR; };
		F438A2BE20BBADC00004F5FF /* AppDelegate.swift */ = {isa = PBXFileReference; lastKnownFileType = sourcecode.swift; path = AppDelegate.swift; sourceTree = "<group>"; };
		F438A2C020BBADC00004F5FF /* ViewController.swift */ = {isa = PBXFileReference; lastKnownFileType = sourcecode.swift; path = ViewController.swift; sourceTree = "<group>"; };
		F438A2C320BBADC00004F5FF /* Base */ = {isa = PBXFileReference; lastKnownFileType = file.storyboard; name = Base; path = Base.lproj/Main.storyboard; sourceTree = "<group>"; };
		F438A2C520BBADC00004F5FF /* Assets.xcassets */ = {isa = PBXFileReference; lastKnownFileType = folder.assetcatalog; path = Assets.xcassets; sourceTree = "<group>"; };
		F438A2C820BBADC00004F5FF /* Base */ = {isa = PBXFileReference; lastKnownFileType = file.storyboard; name = Base; path = Base.lproj/LaunchScreen.storyboard; sourceTree = "<group>"; };
		F438A2CA20BBADC00004F5FF /* Info.plist */ = {isa = PBXFileReference; lastKnownFileType = text.plist.xml; path = Info.plist; sourceTree = "<group>"; };
		F438A2D020BBAFA30004F5FF /* Model.swift */ = {isa = PBXFileReference; fileEncoding = 4; lastKnownFileType = sourcecode.swift; path = Model.swift; sourceTree = "<group>"; };
		F438A2D220BBB4B40004F5FF /* DeathTableViewCell.swift */ = {isa = PBXFileReference; lastKnownFileType = sourcecode.swift; path = DeathTableViewCell.swift; sourceTree = "<group>"; };
/* End PBXFileReference section */

/* Begin PBXFrameworksBuildPhase section */
		F438A2B820BBADC00004F5FF /* Frameworks */ = {
			isa = PBXFrameworksBuildPhase;
			buildActionMask = 2147483647;
			files = (
			);
			runOnlyForDeploymentPostprocessing = 0;
		};
/* End PBXFrameworksBuildPhase section */

/* Begin PBXGroup section */
		F438A2B220BBADC00004F5FF = {
			isa = PBXGroup;
			children = (
				F438A2BD20BBADC00004F5FF /* Death Notes */,
				F438A2BC20BBADC00004F5FF /* Products */,
			);
			sourceTree = "<group>";
		};
		F438A2BC20BBADC00004F5FF /* Products */ = {
			isa = PBXGroup;
			children = (
				F438A2BB20BBADC00004F5FF /* Death Notes.app */,
			);
			name = Products;
			sourceTree = "<group>";
		};
		F438A2BD20BBADC00004F5FF /* Death Notes */ = {
			isa = PBXGroup;
			children = (
				F438A2BE20BBADC00004F5FF /* AppDelegate.swift */,
				F438A2D220BBB4B40004F5FF /* DeathTableViewCell.swift */,
				F438A2C020BBADC00004F5FF /* ViewController.swift */,
				F438A2D020BBAFA30004F5FF /* Model.swift */,
				F438A2C220BBADC00004F5FF /* Main.storyboard */,
				F438A2C520BBADC00004F5FF /* Assets.xcassets */,
				F438A2C720BBADC00004F5FF /* LaunchScreen.storyboard */,
				F438A2CA20BBADC00004F5FF /* Info.plist */,
			);
			path = "Death Notes";
			sourceTree = "<group>";
		};
/* End PBXGroup section */

/* Begin PBXNativeTarget section */
		F438A2BA20BBADC00004F5FF /* Death Notes */ = {
			isa = PBXNativeTarget;
			buildConfigurationList = F438A2CD20BBADC00004F5FF /* Build configuration list for PBXNativeTarget "Death Notes" */;
			buildPhases = (
				F438A2B720BBADC00004F5FF /* Sources */,
				F438A2B820BBADC00004F5FF /* Frameworks */,
				F438A2B920BBADC00004F5FF /* Resources */,
			);
			buildRules = (
			);
			dependencies = (
			);
			name = "Death Notes";
			productName = "Death Notes";
			productReference = F438A2BB20BBADC00004F5FF /* Death Notes.app */;
			productType = "com.apple.product-type.application";
		};
/* End PBXNativeTarget section */

/* Begin PBXProject section */
		F438A2B320BBADC00004F5FF /* Project object */ = {
			isa = PBXProject;
			attributes = {
				LastSwiftUpdateCheck = 0930;
				LastUpgradeCheck = 0930;
				ORGANIZATIONNAME = "stephane martins";
				TargetAttributes = {
					F438A2BA20BBADC00004F5FF = {
						CreatedOnToolsVersion = 9.3.1;
					};
				};
			};
			buildConfigurationList = F438A2B620BBADC00004F5FF /* Build configuration list for PBXProject "Death Notes" */;
			compatibilityVersion = "Xcode 9.2";
			developmentRegion = en;
			hasScannedForEncodings = 0;
			knownRegions = (
				en,
				Base,
			);
			mainGroup = F438A2B220BBADC00004F5FF;
			productRefGroup = F438A2BC20BBADC00004F5FF /* Products */;
			projectDirPath = "";
			projectRoot = "";
			targets = (
				F438A2BA20BBADC00004F5FF /* Death Notes */,
			);
		};
/* End PBXProject section */

/* Begin PBXResourcesBuildPhase section */
		F438A2B920BBADC00004F5FF /* Resources */ = {
			isa = PBXResourcesBuildPhase;
			buildActionMask = 2147483647;
			files = (
				F438A2C920BBADC00004F5FF /* LaunchScreen.storyboard in Resources */,
				F438A2C620BBADC00004F5FF /* Assets.xcassets in Resources */,
				F438A2C420BBADC00004F5FF /* Main.storyboard in Resources */,
			);
			runOnlyForDeploymentPostprocessing = 0;
		};
/* End PBXResourcesBuildPhase section */

/* Begin PBXSourcesBuildPhase section */
		F438A2B720BBADC00004F5FF /* Sources */ = {
			isa = PBXSourcesBuildPhase;
			buildActionMask = 2147483647;
			files = (
				F438A2D320BBB4B40004F5FF /* DeathTableViewCell.swift in Sources */,
				F438A2D120BBAFA30004F5FF /* Model.swift in Sources */,
				F438A2C120BBADC00004F5FF /* ViewController.swift in Sources */,
				F438A2BF20BBADC00004F5FF /* AppDelegate.swift in Sources */,
			);
			runOnlyForDeploymentPostprocessing = 0;
		};
/* End PBXSourcesBuildPhase section */

/* Begin PBXVariantGroup section */
		F438A2C220BBADC00004F5FF /* Main.storyboard */ = {
			isa = PBXVariantGroup;
			children = (
				F438A2C320BBADC00004F5FF /* Base */,
			);
			name = Main.storyboard;
			sourceTree = "<group>";
		};
		F438A2C720BBADC00004F5FF /* LaunchScreen.storyboard */ = {
			isa = PBXVariantGroup;
			children = (
				F438A2C820BBADC00004F5FF /* Base */,
			);
			name = LaunchScreen.storyboard;
			sourceTree = "<group>";
		};
/* End PBXVariantGroup section */

/* Begin XCBuildConfiguration section */
		F438A2CB20BBADC00004F5FF /* Debug */ = {
			isa = XCBuildConfiguration;
			buildSettings = {
				ALWAYS_SEARCH_USER_PATHS = NO;
				CLANG_ANALYZER_NONNULL = YES;
				CLANG_ANALYZER_NUMBER_OBJECT_CONVERSION = YES_AGGRESSIVE;
				CLANG_CXX_LANGUAGE_STANDARD = "gnu++14";
				CLANG_CXX_LIBRARY = "libc++";
				CLANG_ENABLE_MODULES = YES;
				CLANG_ENABLE_OBJC_ARC = YES;
				CLANG_ENABLE_OBJC_WEAK = YES;
				CLANG_WARN_BLOCK_CAPTURE_AUTORELEASING = YES;
				CLANG_WARN_BOOL_CONVERSION = YES;
				CLANG_WARN_COMMA = YES;
				CLANG_WARN_CONSTANT_CONVERSION = YES;
				CLANG_WARN_DEPRECATED_OBJC_IMPLEMENTATIONS = YES;
				CLANG_WARN_DIRECT_OBJC_ISA_USAGE = YES_ERROR;
				CLANG_WARN_DOCUMENTATION_COMMENTS = YES;
				CLANG_WARN_EMPTY_BODY = YES;
				CLANG_WARN_ENUM_CONVERSION = YES;
				CLANG_WARN_INFINITE_RECURSION = YES;
				CLANG_WARN_INT_CONVERSION = YES;
				CLANG_WARN_NON_LITERAL_NULL_CONVERSION = YES;
				CLANG_WARN_OBJC_IMPLICIT_RETAIN_SELF = YES;
				CLANG_WARN_OBJC_LITERAL_CONVERSION = YES;
				CLANG_WARN_OBJC_ROOT_CLASS = YES_ERROR;
				CLANG_WARN_RANGE_LOOP_ANALYSIS = YES;
				CLANG_WARN_STRICT_PROTOTYPES = YES;
				CLANG_WARN_SUSPICIOUS_MOVE = YES;
				CLANG_WARN_UNGUARDED_AVAILABILITY = YES_AGGRESSIVE;
				CLANG_WARN_UNREACHABLE_CODE = YES;
				CLANG_WARN__DUPLICATE_METHOD_MATCH = YES;
				CODE_SIGN_IDENTITY = "iPhone Developer";
				COPY_PHASE_STRIP = NO;
				DEBUG_INFORMATION_FORMAT = dwarf;
				ENABLE_STRICT_OBJC_MSGSEND = YES;
				ENABLE_TESTABILITY = YES;
				GCC_C_LANGUAGE_STANDARD = gnu11;
				GCC_DYNAMIC_NO_PIC = NO;
				GCC_NO_COMMON_BLOCKS = YES;
				GCC_OPTIMIZATION_LEVEL = 0;
				GCC_PREPROCESSOR_DEFINITIONS = (
					"DEBUG=1",
					"$(inherited)",
				);
				GCC_WARN_64_TO_32_BIT_CONVERSION = YES;
				GCC_WARN_ABOUT_RETURN_TYPE = YES_ERROR;
				GCC_WARN_UNDECLARED_SELECTOR = YES;
				GCC_WARN_UNINITIALIZED_AUTOS = YES_AGGRESSIVE;
				GCC_WARN_UNUSED_FUNCTION = YES;
				GCC_WARN_UNUSED_VARIABLE = YES;
				IPHONEOS_DEPLOYMENT_TARGET = 11.3;
				MTL_ENABLE_DEBUG_INFO = YES;
				ONLY_ACTIVE_ARCH = YES;
				SDKROOT = iphoneos;
				SWIFT_ACTIVE_COMPILATION_CONDITIONS = DEBUG;
				SWIFT_OPTIMIZATION_LEVEL = "-Onone";
			};
			name = Debug;
		};
		F438A2CC20BBADC00004F5FF /* Release */ = {
			isa = XCBuildConfiguration;
			buildSettings = {
				ALWAYS_SEARCH_USER_PATHS = NO;
				CLANG_ANALYZER_NONNULL = YES;
				CLANG_ANALYZER_NUMBER_OBJECT_CONVERSION = YES_AGGRESSIVE;
				CLANG_CXX_LANGUAGE_STANDARD = "gnu++14";
				CLANG_CXX_LIBRARY = "libc++";
				CLANG_ENABLE_MODULES = YES;
				CLANG_ENABLE_OBJC_ARC = YES;
				CLANG_ENABLE_OBJC_WEAK = YES;
				CLANG_WARN_BLOCK_CAPTURE_AUTORELEASING = YES;
				CLANG_WARN_BOOL_CONVERSION = YES;
				CLANG_WARN_COMMA = YES;
				CLANG_WARN_CONSTANT_CONVERSION = YES;
				CLANG_WARN_DEPRECATED_OBJC_IMPLEMENTATIONS = YES;
				CLANG_WARN_DIRECT_OBJC_ISA_USAGE = YES_ERROR;
				CLANG_WARN_DOCUMENTATION_COMMENTS = YES;
				CLANG_WARN_EMPTY_BODY = YES;
				CLANG_WARN_ENUM_CONVERSION = YES;
				CLANG_WARN_INFINITE_RECURSION = YES;
				CLANG_WARN_INT_CONVERSION = YES;
				CLANG_WARN_NON_LITERAL_NULL_CONVERSION = YES;
				CLANG_WARN_OBJC_IMPLICIT_RETAIN_SELF = YES;
				CLANG_WARN_OBJC_LITERAL_CONVERSION = YES;
				CLANG_WARN_OBJC_ROOT_CLASS = YES_ERROR;
				CLANG_WARN_RANGE_LOOP_ANALYSIS = YES;
				CLANG_WARN_STRICT_PROTOTYPES = YES;
				CLANG_WARN_SUSPICIOUS_MOVE = YES;
				CLANG_WARN_UNGUARDED_AVAILABILITY = YES_AGGRESSIVE;
				CLANG_WARN_UNREACHABLE_CODE = YES;
				CLANG_WARN__DUPLICATE_METHOD_MATCH = YES;
				CODE_SIGN_IDENTITY = "iPhone Developer";
				COPY_PHASE_STRIP = NO;
				DEBUG_INFORMATION_FORMAT = "dwarf-with-dsym";
				ENABLE_NS_ASSERTIONS = NO;
				ENABLE_STRICT_OBJC_MSGSEND = YES;
				GCC_C_LANGUAGE_STANDARD = gnu11;
				GCC_NO_COMMON_BLOCKS = YES;
				GCC_WARN_64_TO_32_BIT_CONVERSION = YES;
				GCC_WARN_ABOUT_RETURN_TYPE = YES_ERROR;
				GCC_WARN_UNDECLARED_SELECTOR = YES;
				GCC_WARN_UNINITIALIZED_AUTOS = YES_AGGRESSIVE;
				GCC_WARN_UNUSED_FUNCTION = YES;
				GCC_WARN_UNUSED_VARIABLE = YES;
				IPHONEOS_DEPLOYMENT_TARGET = 11.3;
				MTL_ENABLE_DEBUG_INFO = NO;
				SDKROOT = iphoneos;
				SWIFT_COMPILATION_MODE = wholemodule;
				SWIFT_OPTIMIZATION_LEVEL = "-O";
				VALIDATE_PRODUCT = YES;
			};
			name = Release;
		};
		F438A2CE20BBADC00004F5FF /* Debug */ = {
			isa = XCBuildConfiguration;
			buildSettings = {
				ASSETCATALOG_COMPILER_APPICON_NAME = AppIcon;
				CODE_SIGN_STYLE = Automatic;
				INFOPLIST_FILE = "Death Notes/Info.plist";
				LD_RUNPATH_SEARCH_PATHS = (
					"$(inherited)",
					"@executable_path/Frameworks",
				);
				PRODUCT_BUNDLE_IDENTIFIER = "piscine-swift.Death-Notes";
				PRODUCT_NAME = "$(TARGET_NAME)";
				SWIFT_VERSION = 4.0;
				TARGETED_DEVICE_FAMILY = "1,2";
			};
			name = Debug;
		};
		F438A2CF20BBADC00004F5FF /* Release */ = {
			isa = XCBuildConfiguration;
			buildSettings = {
				ASSETCATALOG_COMPILER_APPICON_NAME = AppIcon;
				CODE_SIGN_STYLE = Automatic;
				INFOPLIST_FILE = "Death Notes/Info.plist";
				LD_RUNPATH_SEARCH_PATHS = (
					"$(inherited)",
					"@executable_path/Frameworks",
				);
				PRODUCT_BUNDLE_IDENTIFIER = "piscine-swift.Death-Notes";
				PRODUCT_NAME = "$(TARGET_NAME)";
				SWIFT_VERSION = 4.0;
				TARGETED_DEVICE_FAMILY = "1,2";
			};
			name = Release;
		};
/* End XCBuildConfiguration section */

/* Begin XCConfigurationList section */
		F438A2B620BBADC00004F5FF /* Build configuration list for PBXProject "Death Notes" */ = {
			isa = XCConfigurationList;
			buildConfigurations = (
				F438A2CB20BBADC00004F5FF /* Debug */,
				F438A2CC20BBADC00004F5FF /* Release */,
			);
			defaultConfigurationIsVisible = 0;
			defaultConfigurationName = Release;
		};
		F438A2CD20BBADC00004F5FF /* Build configuration list for PBXNativeTarget "Death Notes" */ = {
			isa = XCConfigurationList;
			buildConfigurations = (
				F438A2CE20BBADC00004F5FF /* Debug */,
				F438A2CF20BBADC00004F5FF /* Release */,
			);
			defaultConfigurationIsVisible = 0;
			defaultConfigurationName = Release;
		};
/* End XCConfigurationList section */
	};
	rootObject = F438A2B320BBADC00004F5FF /* Project object */;
}
