PODS:
  - Alamofire (4.7.2)
  - ForecastIO (5.0.0)
  - ObjectMapper (3.2.0)
  - RecastAI (3.5.0):
    - Alamofire
    - ObjectMapper

DEPENDENCIES:
  - ForecastIO
  - RecastAI

SPEC REPOS:
  https://github.com/cocoapods/specs.git:
    - Alamofire
    - ForecastIO
    - ObjectMapper
    - RecastAI

SPEC CHECKSUMS:
  Alamofire: e4fa87002c137ba2d8d634d2c51fabcda0d5c223
  ForecastIO: 013d0110a0977712624973ceb425da1936b02acf
  ObjectMapper: 5cccd2de6f253eda859df8116a5a554d9769e859
  RecastAI: d9abaf97f914a07cc10ee0cb8be89bfe2b942280

PODFILE CHECKSUM: 9adc6331a5af26b07d212d4f9ccf78a9bc8535c3

COCOAPODS: 1.5.3
